
Microsoft Visual Studio Solution File, Format Version 12.00
# Visual Studio Version 17
VisualStudioVersion = 17.8.34322.80
MinimumVisualStudioVersion = 10.0.40219.1
Project("{FAE04EC0-301F-11D3-BF4B-00C04F79EFBC}") = "ConsoleApp1", "ConsoleApp1\ConsoleApp1.csproj", "{3D223D09-0A5B-4A87-9640-3581205683D9}"
EndProject
Global
	GlobalSection(SolutionConfigurationPlatforms) = preSolution
		Debug|Any CPU = Debug|Any CPU
		Release|Any CPU = Release|Any CPU
	EndGlobalSection
	GlobalSection(ProjectConfigurationPlatforms) = postSolution
		{3D223D09-0A5B-4A87-9640-3581205683D9}.Debug|Any CPU.ActiveCfg = Debug|Any CPU
		{3D223D09-0A5B-4A87-9640-3581205683D9}.Debug|Any CPU.Build.0 = Debug|Any CPU
		{3D223D09-0A5B-4A87-9640-3581205683D9}.Release|Any CPU.ActiveCfg = Release|Any CPU
		{3D223D09-0A5B-4A87-9640-3581205683D9}.Release|Any CPU.Build.0 = Release|Any CPU
	EndGlobalSection
	GlobalSection(SolutionProperties) = preSolution
		HideSolutionNode = FALSE
	EndGlobalSection
	GlobalSection(ExtensibilityGlobals) = postSolution
		SolutionGuid = {D19502A0-F061-4AC2-9076-E12C5FEE2E7F}
	EndGlobalSection
EndGlobal
